// !$*UTF8*$!
{
	archiveVersion = 1;
	classes = {
	};
	objectVersion = 46;
	objects = {

/* Begin PBXBuildFile section */
		8006BF8919FA2662009F9516 /* main.m in Sources */ = {isa = PBXBuildFile; fileRef = 8006BF8819FA2662009F9516 /* main.m */; };
		8006BF8C19FA2662009F9516 /* AppDelegate.m in Sources */ = {isa = PBXBuildFile; fileRef = 8006BF8B19FA2662009F9516 /* AppDelegate.m */; };
		8006BF8F19FA2662009F9516 /* FirstViewController.m in Sources */ = {isa = PBXBuildFile; fileRef = 8006BF8E19FA2662009F9516 /* FirstViewController.m */; };
		8006BF9219FA2662009F9516 /* SecondViewController.m in Sources */ = {isa = PBXBuildFile; fileRef = 8006BF9119FA2662009F9516 /* SecondViewController.m */; };
		8006BF9519FA2662009F9516 /* Main.storyboard in Resources */ = {isa = PBXBuildFile; fileRef = 8006BF9319FA2662009F9516 /* Main.storyboard */; };
		8006BF9719FA2662009F9516 /* Images.xcassets in Resources */ = {isa = PBXBuildFile; fileRef = 8006BF9619FA2662009F9516 /* Images.xcassets */; };
		8006BF9A19FA2662009F9516 /* LaunchScreen.xib in Resources */ = {isa = PBXBuildFile; fileRef = 8006BF9819FA2662009F9516 /* LaunchScreen.xib */; };
		8006BFA619FA2662009F9516 /* Day4_3Tests.m in Sources */ = {isa = PBXBuildFile; fileRef = 8006BFA519FA2662009F9516 /* Day4_3Tests.m */; };
/* End PBXBuildFile section */

/* Begin PBXContainerItemProxy section */
		8006BFA019FA2662009F9516 /* PBXContainerItemProxy */ = {
			isa = PBXContainerItemProxy;
			containerPortal = 8006BF7B19FA2662009F9516 /* Project object */;
			proxyType = 1;
			remoteGlobalIDString = 8006BF8219FA2662009F9516;
			remoteInfo = Day4_3;
		};
/* End PBXContainerItemProxy section */

/* Begin PBXFileReference section */
		8006BF8319FA2662009F9516 /* Day4_3.app */ = {isa = PBXFileReference; explicitFileType = wrapper.application; includeInIndex = 0; path = Day4_3.app; sourceTree = BUILT_PRODUCTS_DIR; };
		8006BF8719FA2662009F9516 /* Info.plist */ = {isa = PBXFileReference; lastKnownFileType = text.plist.xml; path = Info.plist; sourceTree = "<group>"; };
		8006BF8819FA2662009F9516 /* main.m */ = {isa = PBXFileReference; lastKnownFileType = sourcecode.c.objc; path = main.m; sourceTree = "<group>"; };
		8006BF8A19FA2662009F9516 /* AppDelegate.h */ = {isa = PBXFileReference; lastKnownFileType = sourcecode.c.h; path = AppDelegate.h; sourceTree = "<group>"; };
		8006BF8B19FA2662009F9516 /* AppDelegate.m */ = {isa = PBXFileReference; lastKnownFileType = sourcecode.c.objc; path = AppDelegate.m; sourceTree = "<group>"; };
		8006BF8D19FA2662009F9516 /* FirstViewController.h */ = {isa = PBXFileReference; lastKnownFileType = sourcecode.c.h; path = FirstViewController.h; sourceTree = "<group>"; };
		8006BF8E19FA2662009F9516 /* FirstViewController.m */ = {isa = PBXFileReference; lastKnownFileType = sourcecode.c.objc; path = FirstViewController.m; sourceTree = "<group>"; };
		8006BF9019FA2662009F9516 /* SecondViewController.h */ = {isa = PBXFileReference; lastKnownFileType = sourcecode.c.h; path = SecondViewController.h; sourceTree = "<group>"; };
		8006BF9119FA2662009F9516 /* SecondViewController.m */ = {isa = PBXFileReference; lastKnownFileType = sourcecode.c.objc; path = SecondViewController.m; sourceTree = "<group>"; };
		8006BF9419FA2662009F9516 /* Base */ = {isa = PBXFileReference; lastKnownFileType = file.storyboard; name = Base; path = Base.lproj/Main.storyboard; sourceTree = "<group>"; };
		8006BF9619FA2662009F9516 /* Images.xcassets */ = {isa = PBXFileReference; lastKnownFileType = folder.assetcatalog; path = Images.xcassets; sourceTree = "<group>"; };
		8006BF9919FA2662009F9516 /* Base */ = {isa = PBXFileReference; lastKnownFileType = file.xib; name = Base; path = Base.lproj/LaunchScreen.xib; sourceTree = "<group>"; };
		8006BF9F19FA2662009F9516 /* Day4_3Tests.xctest */ = {isa = PBXFileReference; explicitFileType = wrapper.cfbundle; includeInIndex = 0; path = Day4_3Tests.xctest; sourceTree = BUILT_PRODUCTS_DIR; };
		8006BFA419FA2662009F9516 /* Info.plist */ = {isa = PBXFileReference; lastKnownFileType = text.plist.xml; path = Info.plist; sourceTree = "<group>"; };
		8006BFA519FA2662009F9516 /* Day4_3Tests.m */ = {isa = PBXFileReference; lastKnownFileType = sourcecode.c.objc; path = Day4_3Tests.m; sourceTree = "<group>"; };
/* End PBXFileReference section */

/* Begin PBXFrameworksBuildPhase section */
		8006BF8019FA2662009F9516 /* Frameworks */ = {
			isa = PBXFrameworksBuildPhase;
			buildActionMask = 2147483647;
			files = (
			);
			runOnlyForDeploymentPostprocessing = 0;
		};
		8006BF9C19FA2662009F9516 /* Frameworks */ = {
			isa = PBXFrameworksBuildPhase;
			buildActionMask = 2147483647;
			files = (
			);
			runOnlyForDeploymentPostprocessing = 0;
		};
/* End PBXFrameworksBuildPhase section */

/* Begin PBXGroup section */
		8006BF7A19FA2662009F9516 = {
			isa = PBXGroup;
			children = (
				8006BF8519FA2662009F9516 /* Day4_3 */,
				8006BFA219FA2662009F9516 /* Day4_3Tests */,
				8006BF8419FA2662009F9516 /* Products */,
			);
			sourceTree = "<group>";
		};
		8006BF8419FA2662009F9516 /* Products */ = {
			isa = PBXGroup;
			children = (
				8006BF8319FA2662009F9516 /* Day4_3.app */,
				8006BF9F19FA2662009F9516 /* Day4_3Tests.xctest */,
			);
			name = Products;
			sourceTree = "<group>";
		};
		8006BF8519FA2662009F9516 /* Day4_3 */ = {
			isa = PBXGroup;
			children = (
				8006BF8A19FA2662009F9516 /* AppDelegate.h */,
				8006BF8B19FA2662009F9516 /* AppDelegate.m */,
				8006BF8D19FA2662009F9516 /* FirstViewController.h */,
				8006BF8E19FA2662009F9516 /* FirstViewController.m */,
				8006BF9019FA2662009F9516 /* SecondViewController.h */,
				8006BF9119FA2662009F9516 /* SecondViewController.m */,
				8006BF9319FA2662009F9516 /* Main.storyboard */,
				8006BF9619FA2662009F9516 /* Images.xcassets */,
				8006BF9819FA2662009F9516 /* LaunchScreen.xib */,
				8006BF8619FA2662009F9516 /* Supporting Files */,
			);
			path = Day4_3;
			sourceTree = "<group>";
		};
		8006BF8619FA2662009F9516 /* Supporting Files */ = {
			isa = PBXGroup;
			children = (
				8006BF8719FA2662009F9516 /* Info.plist */,
				8006BF8819FA2662009F9516 /* main.m */,
			);
			name = "Supporting Files";
			sourceTree = "<group>";
		};
		8006BFA219FA2662009F9516 /* Day4_3Tests */ = {
			isa = PBXGroup;
			children = (
				8006BFA519FA2662009F9516 /* Day4_3Tests.m */,
				8006BFA319FA2662009F9516 /* Supporting Files */,
			);
			path = Day4_3Tests;
			sourceTree = "<group>";
		};
		8006BFA319FA2662009F9516 /* Supporting Files */ = {
			isa = PBXGroup;
			children = (
				8006BFA419FA2662009F9516 /* Info.plist */,
			);
			name = "Supporting Files";
			sourceTree = "<group>";
		};
/* End PBXGroup section */

/* Begin PBXNativeTarget section */
		8006BF8219FA2662009F9516 /* Day4_3 */ = {
			isa = PBXNativeTarget;
			buildConfigurationList = 8006BFA919FA2662009F9516 /* Build configuration list for PBXNativeTarget "Day4_3" */;
			buildPhases = (
				8006BF7F19FA2662009F9516 /* Sources */,
				8006BF8019FA2662009F9516 /* Frameworks */,
				8006BF8119FA2662009F9516 /* Resources */,
			);
			buildRules = (
			);
			dependencies = (
			);
			name = Day4_3;
			productName = Day4_3;
			productReference = 8006BF8319FA2662009F9516 /* Day4_3.app */;
			productType = "com.apple.product-type.application";
		};
		8006BF9E19FA2662009F9516 /* Day4_3Tests */ = {
			isa = PBXNativeTarget;
			buildConfigurationList = 8006BFAC19FA2662009F9516 /* Build configuration list for PBXNativeTarget "Day4_3Tests" */;
			buildPhases = (
				8006BF9B19FA2662009F9516 /* Sources */,
				8006BF9C19FA2662009F9516 /* Frameworks */,
				8006BF9D19FA2662009F9516 /* Resources */,
			);
			buildRules = (
			);
			dependencies = (
				8006BFA119FA2662009F9516 /* PBXTargetDependency */,
			);
			name = Day4_3Tests;
			productName = Day4_3Tests;
			productReference = 8006BF9F19FA2662009F9516 /* Day4_3Tests.xctest */;
			productType = "com.apple.product-type.bundle.unit-test";
		};
/* End PBXNativeTarget section */

/* Begin PBXProject section */
		8006BF7B19FA2662009F9516 /* Project object */ = {
			isa = PBXProject;
			attributes = {
				LastUpgradeCheck = 0610;
				ORGANIZATIONNAME = KnightO;
				TargetAttributes = {
					8006BF8219FA2662009F9516 = {
						CreatedOnToolsVersion = 6.1;
					};
					8006BF9E19FA2662009F9516 = {
						CreatedOnToolsVersion = 6.1;
						TestTargetID = 8006BF8219FA2662009F9516;
					};
				};
			};
			buildConfigurationList = 8006BF7E19FA2662009F9516 /* Build configuration list for PBXProject "Day4_3" */;
			compatibilityVersion = "Xcode 3.2";
			developmentRegion = English;
			hasScannedForEncodings = 0;
			knownRegions = (
				en,
				Base,
			);
			mainGroup = 8006BF7A19FA2662009F9516;
			productRefGroup = 8006BF8419FA2662009F9516 /* Products */;
			projectDirPath = "";
			projectRoot = "";
			targets = (
				8006BF8219FA2662009F9516 /* Day4_3 */,
				8006BF9E19FA2662009F9516 /* Day4_3Tests */,
			);
		};
/* End PBXProject section */

/* Begin PBXResourcesBuildPhase section */
		8006BF8119FA2662009F9516 /* Resources */ = {
			isa = PBXResourcesBuildPhase;
			buildActionMask = 2147483647;
			files = (
				8006BF9519FA2662009F9516 /* Main.storyboard in Resources */,
				8006BF9A19FA2662009F9516 /* LaunchScreen.xib in Resources */,
				8006BF9719FA2662009F9516 /* Images.xcassets in Resources */,
			);
			runOnlyForDeploymentPostprocessing = 0;
		};
		8006BF9D19FA2662009F9516 /* Resources */ = {
			isa = PBXResourcesBuildPhase;
			buildActionMask = 2147483647;
			files = (
			);
			runOnlyForDeploymentPostprocessing = 0;
		};
/* End PBXResourcesBuildPhase section */

/* Begin PBXSourcesBuildPhase section */
		8006BF7F19FA2662009F9516 /* Sources */ = {
			isa = PBXSourcesBuildPhase;
			buildActionMask = 2147483647;
			files = (
				8006BF9219FA2662009F9516 /* SecondViewController.m in Sources */,
				8006BF8C19FA2662009F9516 /* AppDelegate.m in Sources */,
				8006BF8F19FA2662009F9516 /* FirstViewController.m in Sources */,
				8006BF8919FA2662009F9516 /* main.m in Sources */,
			);
			runOnlyForDeploymentPostprocessing = 0;
		};
		8006BF9B19FA2662009F9516 /* Sources */ = {
			isa = PBXSourcesBuildPhase;
			buildActionMask = 2147483647;
			files = (
				8006BFA619FA2662009F9516 /* Day4_3Tests.m in Sources */,
			);
			runOnlyForDeploymentPostprocessing = 0;
		};
/* End PBXSourcesBuildPhase section */

/* Begin PBXTargetDependency section */
		8006BFA119FA2662009F9516 /* PBXTargetDependency */ = {
			isa = PBXTargetDependency;
			target = 8006BF8219FA2662009F9516 /* Day4_3 */;
			targetProxy = 8006BFA019FA2662009F9516 /* PBXContainerItemProxy */;
		};
/* End PBXTargetDependency section */

/* Begin PBXVariantGroup section */
		8006BF9319FA2662009F9516 /* Main.storyboard */ = {
			isa = PBXVariantGroup;
			children = (
				8006BF9419FA2662009F9516 /* Base */,
			);
			name = Main.storyboard;
			sourceTree = "<group>";
		};
		8006BF9819FA2662009F9516 /* LaunchScreen.xib */ = {
			isa = PBXVariantGroup;
			children = (
				8006BF9919FA2662009F9516 /* Base */,
			);
			name = LaunchScreen.xib;
			sourceTree = "<group>";
		};
/* End PBXVariantGroup section */

/* Begin XCBuildConfiguration section */
		8006BFA719FA2662009F9516 /* Debug */ = {
			isa = XCBuildConfiguration;
			buildSettings = {
				ALWAYS_SEARCH_USER_PATHS = NO;
				CLANG_CXX_LANGUAGE_STANDARD = "gnu++0x";
				CLANG_CXX_LIBRARY = "libc++";
				CLANG_ENABLE_MODULES = YES;
				CLANG_ENABLE_OBJC_ARC = YES;
				CLANG_WARN_BOOL_CONVERSION = YES;
				CLANG_WARN_CONSTANT_CONVERSION = YES;
				CLANG_WARN_DIRECT_OBJC_ISA_USAGE = YES_ERROR;
				CLANG_WARN_EMPTY_BODY = YES;
				CLANG_WARN_ENUM_CONVERSION = YES;
				CLANG_WARN_INT_CONVERSION = YES;
				CLANG_WARN_OBJC_ROOT_CLASS = YES_ERROR;
				CLANG_WARN_UNREACHABLE_CODE = YES;
				CLANG_WARN__DUPLICATE_METHOD_MATCH = YES;
				"CODE_SIGN_IDENTITY[sdk=iphoneos*]" = "iPhone Developer";
				COPY_PHASE_STRIP = NO;
				ENABLE_STRICT_OBJC_MSGSEND = YES;
				GCC_C_LANGUAGE_STANDARD = gnu99;
				GCC_DYNAMIC_NO_PIC = NO;
				GCC_OPTIMIZATION_LEVEL = 0;
				GCC_PREPROCESSOR_DEFINITIONS = (
					"DEBUG=1",
					"$(inherited)",
				);
				GCC_SYMBOLS_PRIVATE_EXTERN = NO;
				GCC_WARN_64_TO_32_BIT_CONVERSION = YES;
				GCC_WARN_ABOUT_RETURN_TYPE = YES_ERROR;
				GCC_WARN_UNDECLARED_SELECTOR = YES;
				GCC_WARN_UNINITIALIZED_AUTOS = YES_AGGRESSIVE;
				GCC_WARN_UNUSED_FUNCTION = YES;
				GCC_WARN_UNUSED_VARIABLE = YES;
				IPHONEOS_DEPLOYMENT_TARGET = 8.1;
				MTL_ENABLE_DEBUG_INFO = YES;
				ONLY_ACTIVE_ARCH = YES;
				SDKROOT = iphoneos;
			};
			name = Debug;
		};
		8006BFA819FA2662009F9516 /* Release */ = {
			isa = XCBuildConfiguration;
			buildSettings = {
				ALWAYS_SEARCH_USER_PATHS = NO;
				CLANG_CXX_LANGUAGE_STANDARD = "gnu++0x";
				CLANG_CXX_LIBRARY = "libc++";
				CLANG_ENABLE_MODULES = YES;
				CLANG_ENABLE_OBJC_ARC = YES;
				CLANG_WARN_BOOL_CONVERSION = YES;
				CLANG_WARN_CONSTANT_CONVERSION = YES;
				CLANG_WARN_DIRECT_OBJC_ISA_USAGE = YES_ERROR;
				CLANG_WARN_EMPTY_BODY = YES;
				CLANG_WARN_ENUM_CONVERSION = YES;
				CLANG_WARN_INT_CONVERSION = YES;
				CLANG_WARN_OBJC_ROOT_CLASS = YES_ERROR;
				CLANG_WARN_UNREACHABLE_CODE = YES;
				CLANG_WARN__DUPLICATE_METHOD_MATCH = YES;
				"CODE_SIGN_IDENTITY[sdk=iphoneos*]" = "iPhone Developer";
				COPY_PHASE_STRIP = YES;
				ENABLE_NS_ASSERTIONS = NO;
				ENABLE_STRICT_OBJC_MSGSEND = YES;
				GCC_C_LANGUAGE_STANDARD = gnu99;
				GCC_WARN_64_TO_32_BIT_CONVERSION = YES;
				GCC_WARN_ABOUT_RETURN_TYPE = YES_ERROR;
				GCC_WARN_UNDECLARED_SELECTOR = YES;
				GCC_WARN_UNINITIALIZED_AUTOS = YES_AGGRESSIVE;
				GCC_WARN_UNUSED_FUNCTION = YES;
				GCC_WARN_UNUSED_VARIABLE = YES;
				IPHONEOS_DEPLOYMENT_TARGET = 8.1;
				MTL_ENABLE_DEBUG_INFO = NO;
				SDKROOT = iphoneos;
				VALIDATE_PRODUCT = YES;
			};
			name = Release;
		};
		8006BFAA19FA2662009F9516 /* Debug */ = {
			isa = XCBuildConfiguration;
			buildSettings = {
				ASSETCATALOG_COMPILER_APPICON_NAME = AppIcon;
				INFOPLIST_FILE = Day4_3/Info.plist;
				LD_RUNPATH_SEARCH_PATHS = "$(inherited) @executable_path/Frameworks";
				PRODUCT_NAME = "$(TARGET_NAME)";
			};
			name = Debug;
		};
		8006BFAB19FA2662009F9516 /* Release */ = {
			isa = XCBuildConfiguration;
			buildSettings = {
				ASSETCATALOG_COMPILER_APPICON_NAME = AppIcon;
				INFOPLIST_FILE = Day4_3/Info.plist;
				LD_RUNPATH_SEARCH_PATHS = "$(inherited) @executable_path/Frameworks";
				PRODUCT_NAME = "$(TARGET_NAME)";
			};
			name = Release;
		};
		8006BFAD19FA2662009F9516 /* Debug */ = {
			isa = XCBuildConfiguration;
			buildSettings = {
				BUNDLE_LOADER = "$(TEST_HOST)";
				FRAMEWORK_SEARCH_PATHS = (
					"$(SDKROOT)/Developer/Library/Frameworks",
					"$(inherited)",
				);
				GCC_PREPROCESSOR_DEFINITIONS = (
					"DEBUG=1",
					"$(inherited)",
				);
				INFOPLIST_FILE = Day4_3Tests/Info.plist;
				LD_RUNPATH_SEARCH_PATHS = "$(inherited) @executable_path/Frameworks @loader_path/Frameworks";
				PRODUCT_NAME = "$(TARGET_NAME)";
				TEST_HOST = "$(BUILT_PRODUCTS_DIR)/Day4_3.app/Day4_3";
			};
			name = Debug;
		};
		8006BFAE19FA2662009F9516 /* Release */ = {
			isa = XCBuildConfiguration;
			buildSettings = {
				BUNDLE_LOADER = "$(TEST_HOST)";
				FRAMEWORK_SEARCH_PATHS = (
					"$(SDKROOT)/Developer/Library/Frameworks",
					"$(inherited)",
				);
				INFOPLIST_FILE = Day4_3Tests/Info.plist;
				LD_RUNPATH_SEARCH_PATHS = "$(inherited) @executable_path/Frameworks @loader_path/Frameworks";
				PRODUCT_NAME = "$(TARGET_NAME)";
				TEST_HOST = "$(BUILT_PRODUCTS_DIR)/Day4_3.app/Day4_3";
			};
			name = Release;
		};
/* End XCBuildConfiguration section */

/* Begin XCConfigurationList section */
		8006BF7E19FA2662009F9516 /* Build configuration list for PBXProject "Day4_3" */ = {
			isa = XCConfigurationList;
			buildConfigurations = (
				8006BFA719FA2662009F9516 /* Debug */,
				8006BFA819FA2662009F9516 /* Release */,
			);
			defaultConfigurationIsVisible = 0;
			defaultConfigurationName = Release;
		};
		8006BFA919FA2662009F9516 /* Build configuration list for PBXNativeTarget "Day4_3" */ = {
			isa = XCConfigurationList;
			buildConfigurations = (
				8006BFAA19FA2662009F9516 /* Debug */,
				8006BFAB19FA2662009F9516 /* Release */,
			);
			defaultConfigurationIsVisible = 0;
		};
		8006BFAC19FA2662009F9516 /* Build configuration list for PBXNativeTarget "Day4_3Tests" */ = {
			isa = XCConfigurationList;
			buildConfigurations = (
				8006BFAD19FA2662009F9516 /* Debug */,
				8006BFAE19FA2662009F9516 /* Release */,
			);
			defaultConfigurationIsVisible = 0;
		};
/* End XCConfigurationList section */
	};
	rootObject = 8006BF7B19FA2662009F9516 /* Project object */;
}
