// !$*UTF8*$!
{
	archiveVersion = 1;
	classes = {
	};
	objectVersion = 46;
	objects = {

/* Begin PBXBuildFile section */
		800481B019F6500100340021 /* main.m in Sources */ = {isa = PBXBuildFile; fileRef = 800481AF19F6500100340021 /* main.m */; };
		800481B319F6500100340021 /* AppDelegate.m in Sources */ = {isa = PBXBuildFile; fileRef = 800481B219F6500100340021 /* AppDelegate.m */; };
		800481B619F6500100340021 /* RootViewController.m in Sources */ = {isa = PBXBuildFile; fileRef = 800481B519F6500100340021 /* RootViewController.m */; };
		800481B919F6500100340021 /* DataViewController.m in Sources */ = {isa = PBXBuildFile; fileRef = 800481B819F6500100340021 /* DataViewController.m */; };
		800481BC19F6500100340021 /* ModelController.m in Sources */ = {isa = PBXBuildFile; fileRef = 800481BB19F6500100340021 /* ModelController.m */; };
		800481BF19F6500100340021 /* Main.storyboard in Resources */ = {isa = PBXBuildFile; fileRef = 800481BD19F6500100340021 /* Main.storyboard */; };
		800481C119F6500100340021 /* Images.xcassets in Resources */ = {isa = PBXBuildFile; fileRef = 800481C019F6500100340021 /* Images.xcassets */; };
		800481C419F6500100340021 /* LaunchScreen.xib in Resources */ = {isa = PBXBuildFile; fileRef = 800481C219F6500100340021 /* LaunchScreen.xib */; };
		800481D019F6500100340021 /* Day1_8_Page_Based_AppTests.m in Sources */ = {isa = PBXBuildFile; fileRef = 800481CF19F6500100340021 /* Day1_8_Page_Based_AppTests.m */; };
/* End PBXBuildFile section */

/* Begin PBXContainerItemProxy section */
		800481CA19F6500100340021 /* PBXContainerItemProxy */ = {
			isa = PBXContainerItemProxy;
			containerPortal = 800481A219F6500100340021 /* Project object */;
			proxyType = 1;
			remoteGlobalIDString = 800481A919F6500100340021;
			remoteInfo = Day1_8_Page_Based_App;
		};
/* End PBXContainerItemProxy section */

/* Begin PBXFileReference section */
		800481AA19F6500100340021 /* Day1_8_Page_Based_App.app */ = {isa = PBXFileReference; explicitFileType = wrapper.application; includeInIndex = 0; path = Day1_8_Page_Based_App.app; sourceTree = BUILT_PRODUCTS_DIR; };
		800481AE19F6500100340021 /* Info.plist */ = {isa = PBXFileReference; lastKnownFileType = text.plist.xml; path = Info.plist; sourceTree = "<group>"; };
		800481AF19F6500100340021 /* main.m */ = {isa = PBXFileReference; lastKnownFileType = sourcecode.c.objc; path = main.m; sourceTree = "<group>"; };
		800481B119F6500100340021 /* AppDelegate.h */ = {isa = PBXFileReference; lastKnownFileType = sourcecode.c.h; path = AppDelegate.h; sourceTree = "<group>"; };
		800481B219F6500100340021 /* AppDelegate.m */ = {isa = PBXFileReference; lastKnownFileType = sourcecode.c.objc; path = AppDelegate.m; sourceTree = "<group>"; };
		800481B419F6500100340021 /* RootViewController.h */ = {isa = PBXFileReference; lastKnownFileType = sourcecode.c.h; path = RootViewController.h; sourceTree = "<group>"; };
		800481B519F6500100340021 /* RootViewController.m */ = {isa = PBXFileReference; lastKnownFileType = sourcecode.c.objc; path = RootViewController.m; sourceTree = "<group>"; };
		800481B719F6500100340021 /* DataViewController.h */ = {isa = PBXFileReference; lastKnownFileType = sourcecode.c.h; path = DataViewController.h; sourceTree = "<group>"; };
		800481B819F6500100340021 /* DataViewController.m */ = {isa = PBXFileReference; lastKnownFileType = sourcecode.c.objc; path = DataViewController.m; sourceTree = "<group>"; };
		800481BA19F6500100340021 /* ModelController.h */ = {isa = PBXFileReference; lastKnownFileType = sourcecode.c.h; path = ModelController.h; sourceTree = "<group>"; };
		800481BB19F6500100340021 /* ModelController.m */ = {isa = PBXFileReference; lastKnownFileType = sourcecode.c.objc; path = ModelController.m; sourceTree = "<group>"; };
		800481BE19F6500100340021 /* Base */ = {isa = PBXFileReference; lastKnownFileType = file.storyboard; name = Base; path = Base.lproj/Main.storyboard; sourceTree = "<group>"; };
		800481C019F6500100340021 /* Images.xcassets */ = {isa = PBXFileReference; lastKnownFileType = folder.assetcatalog; path = Images.xcassets; sourceTree = "<group>"; };
		800481C319F6500100340021 /* Base */ = {isa = PBXFileReference; lastKnownFileType = file.xib; name = Base; path = Base.lproj/LaunchScreen.xib; sourceTree = "<group>"; };
		800481C919F6500100340021 /* Day1_8_Page_Based_AppTests.xctest */ = {isa = PBXFileReference; explicitFileType = wrapper.cfbundle; includeInIndex = 0; path = Day1_8_Page_Based_AppTests.xctest; sourceTree = BUILT_PRODUCTS_DIR; };
		800481CE19F6500100340021 /* Info.plist */ = {isa = PBXFileReference; lastKnownFileType = text.plist.xml; path = Info.plist; sourceTree = "<group>"; };
		800481CF19F6500100340021 /* Day1_8_Page_Based_AppTests.m */ = {isa = PBXFileReference; lastKnownFileType = sourcecode.c.objc; path = Day1_8_Page_Based_AppTests.m; sourceTree = "<group>"; };
/* End PBXFileReference section */

/* Begin PBXFrameworksBuildPhase section */
		800481A719F6500100340021 /* Frameworks */ = {
			isa = PBXFrameworksBuildPhase;
			buildActionMask = 2147483647;
			files = (
			);
			runOnlyForDeploymentPostprocessing = 0;
		};
		800481C619F6500100340021 /* Frameworks */ = {
			isa = PBXFrameworksBuildPhase;
			buildActionMask = 2147483647;
			files = (
			);
			runOnlyForDeploymentPostprocessing = 0;
		};
/* End PBXFrameworksBuildPhase section */

/* Begin PBXGroup section */
		800481A119F6500100340021 = {
			isa = PBXGroup;
			children = (
				800481AC19F6500100340021 /* Day1_8_Page_Based_App */,
				800481CC19F6500100340021 /* Day1_8_Page_Based_AppTests */,
				800481AB19F6500100340021 /* Products */,
			);
			sourceTree = "<group>";
		};
		800481AB19F6500100340021 /* Products */ = {
			isa = PBXGroup;
			children = (
				800481AA19F6500100340021 /* Day1_8_Page_Based_App.app */,
				800481C919F6500100340021 /* Day1_8_Page_Based_AppTests.xctest */,
			);
			name = Products;
			sourceTree = "<group>";
		};
		800481AC19F6500100340021 /* Day1_8_Page_Based_App */ = {
			isa = PBXGroup;
			children = (
				800481B119F6500100340021 /* AppDelegate.h */,
				800481B219F6500100340021 /* AppDelegate.m */,
				800481B419F6500100340021 /* RootViewController.h */,
				800481B519F6500100340021 /* RootViewController.m */,
				800481B719F6500100340021 /* DataViewController.h */,
				800481B819F6500100340021 /* DataViewController.m */,
				800481BA19F6500100340021 /* ModelController.h */,
				800481BB19F6500100340021 /* ModelController.m */,
				800481BD19F6500100340021 /* Main.storyboard */,
				800481C019F6500100340021 /* Images.xcassets */,
				800481C219F6500100340021 /* LaunchScreen.xib */,
				800481AD19F6500100340021 /* Supporting Files */,
			);
			path = Day1_8_Page_Based_App;
			sourceTree = "<group>";
		};
		800481AD19F6500100340021 /* Supporting Files */ = {
			isa = PBXGroup;
			children = (
				800481AE19F6500100340021 /* Info.plist */,
				800481AF19F6500100340021 /* main.m */,
			);
			name = "Supporting Files";
			sourceTree = "<group>";
		};
		800481CC19F6500100340021 /* Day1_8_Page_Based_AppTests */ = {
			isa = PBXGroup;
			children = (
				800481CF19F6500100340021 /* Day1_8_Page_Based_AppTests.m */,
				800481CD19F6500100340021 /* Supporting Files */,
			);
			path = Day1_8_Page_Based_AppTests;
			sourceTree = "<group>";
		};
		800481CD19F6500100340021 /* Supporting Files */ = {
			isa = PBXGroup;
			children = (
				800481CE19F6500100340021 /* Info.plist */,
			);
			name = "Supporting Files";
			sourceTree = "<group>";
		};
/* End PBXGroup section */

/* Begin PBXNativeTarget section */
		800481A919F6500100340021 /* Day1_8_Page_Based_App */ = {
			isa = PBXNativeTarget;
			buildConfigurationList = 800481D319F6500100340021 /* Build configuration list for PBXNativeTarget "Day1_8_Page_Based_App" */;
			buildPhases = (
				800481A619F6500100340021 /* Sources */,
				800481A719F6500100340021 /* Frameworks */,
				800481A819F6500100340021 /* Resources */,
			);
			buildRules = (
			);
			dependencies = (
			);
			name = Day1_8_Page_Based_App;
			productName = Day1_8_Page_Based_App;
			productReference = 800481AA19F6500100340021 /* Day1_8_Page_Based_App.app */;
			productType = "com.apple.product-type.application";
		};
		800481C819F6500100340021 /* Day1_8_Page_Based_AppTests */ = {
			isa = PBXNativeTarget;
			buildConfigurationList = 800481D619F6500100340021 /* Build configuration list for PBXNativeTarget "Day1_8_Page_Based_AppTests" */;
			buildPhases = (
				800481C519F6500100340021 /* Sources */,
				800481C619F6500100340021 /* Frameworks */,
				800481C719F6500100340021 /* Resources */,
			);
			buildRules = (
			);
			dependencies = (
				800481CB19F6500100340021 /* PBXTargetDependency */,
			);
			name = Day1_8_Page_Based_AppTests;
			productName = Day1_8_Page_Based_AppTests;
			productReference = 800481C919F6500100340021 /* Day1_8_Page_Based_AppTests.xctest */;
			productType = "com.apple.product-type.bundle.unit-test";
		};
/* End PBXNativeTarget section */

/* Begin PBXProject section */
		800481A219F6500100340021 /* Project object */ = {
			isa = PBXProject;
			attributes = {
				LastUpgradeCheck = 0600;
				ORGANIZATIONNAME = KnightO;
				TargetAttributes = {
					800481A919F6500100340021 = {
						CreatedOnToolsVersion = 6.0.1;
					};
					800481C819F6500100340021 = {
						CreatedOnToolsVersion = 6.0.1;
						TestTargetID = 800481A919F6500100340021;
					};
				};
			};
			buildConfigurationList = 800481A519F6500100340021 /* Build configuration list for PBXProject "Day1_8_Page_Based_App" */;
			compatibilityVersion = "Xcode 3.2";
			developmentRegion = English;
			hasScannedForEncodings = 0;
			knownRegions = (
				en,
				Base,
			);
			mainGroup = 800481A119F6500100340021;
			productRefGroup = 800481AB19F6500100340021 /* Products */;
			projectDirPath = "";
			projectRoot = "";
			targets = (
				800481A919F6500100340021 /* Day1_8_Page_Based_App */,
				800481C819F6500100340021 /* Day1_8_Page_Based_AppTests */,
			);
		};
/* End PBXProject section */

/* Begin PBXResourcesBuildPhase section */
		800481A819F6500100340021 /* Resources */ = {
			isa = PBXResourcesBuildPhase;
			buildActionMask = 2147483647;
			files = (
				800481BF19F6500100340021 /* Main.storyboard in Resources */,
				800481C419F6500100340021 /* LaunchScreen.xib in Resources */,
				800481C119F6500100340021 /* Images.xcassets in Resources */,
			);
			runOnlyForDeploymentPostprocessing = 0;
		};
		800481C719F6500100340021 /* Resources */ = {
			isa = PBXResourcesBuildPhase;
			buildActionMask = 2147483647;
			files = (
			);
			runOnlyForDeploymentPostprocessing = 0;
		};
/* End PBXResourcesBuildPhase section */

/* Begin PBXSourcesBuildPhase section */
		800481A619F6500100340021 /* Sources */ = {
			isa = PBXSourcesBuildPhase;
			buildActionMask = 2147483647;
			files = (
				800481B919F6500100340021 /* DataViewController.m in Sources */,
				800481B319F6500100340021 /* AppDelegate.m in Sources */,
				800481BC19F6500100340021 /* ModelController.m in Sources */,
				800481B019F6500100340021 /* main.m in Sources */,
				800481B619F6500100340021 /* RootViewController.m in Sources */,
			);
			runOnlyForDeploymentPostprocessing = 0;
		};
		800481C519F6500100340021 /* Sources */ = {
			isa = PBXSourcesBuildPhase;
			buildActionMask = 2147483647;
			files = (
				800481D019F6500100340021 /* Day1_8_Page_Based_AppTests.m in Sources */,
			);
			runOnlyForDeploymentPostprocessing = 0;
		};
/* End PBXSourcesBuildPhase section */

/* Begin PBXTargetDependency section */
		800481CB19F6500100340021 /* PBXTargetDependency */ = {
			isa = PBXTargetDependency;
			target = 800481A919F6500100340021 /* Day1_8_Page_Based_App */;
			targetProxy = 800481CA19F6500100340021 /* PBXContainerItemProxy */;
		};
/* End PBXTargetDependency section */

/* Begin PBXVariantGroup section */
		800481BD19F6500100340021 /* Main.storyboard */ = {
			isa = PBXVariantGroup;
			children = (
				800481BE19F6500100340021 /* Base */,
			);
			name = Main.storyboard;
			sourceTree = "<group>";
		};
		800481C219F6500100340021 /* LaunchScreen.xib */ = {
			isa = PBXVariantGroup;
			children = (
				800481C319F6500100340021 /* Base */,
			);
			name = LaunchScreen.xib;
			sourceTree = "<group>";
		};
/* End PBXVariantGroup section */

/* Begin XCBuildConfiguration section */
		800481D119F6500100340021 /* Debug */ = {
			isa = XCBuildConfiguration;
			buildSettings = {
				ALWAYS_SEARCH_USER_PATHS = NO;
				CLANG_CXX_LANGUAGE_STANDARD = "gnu++0x";
				CLANG_CXX_LIBRARY = "libc++";
				CLANG_ENABLE_MODULES = YES;
				CLANG_ENABLE_OBJC_ARC = YES;
				CLANG_WARN_BOOL_CONVERSION = YES;
				CLANG_WARN_CONSTANT_CONVERSION = YES;
				CLANG_WARN_DIRECT_OBJC_ISA_USAGE = YES_ERROR;
				CLANG_WARN_EMPTY_BODY = YES;
				CLANG_WARN_ENUM_CONVERSION = YES;
				CLANG_WARN_INT_CONVERSION = YES;
				CLANG_WARN_OBJC_ROOT_CLASS = YES_ERROR;
				CLANG_WARN_UNREACHABLE_CODE = YES;
				CLANG_WARN__DUPLICATE_METHOD_MATCH = YES;
				"CODE_SIGN_IDENTITY[sdk=iphoneos*]" = "iPhone Developer";
				COPY_PHASE_STRIP = NO;
				ENABLE_STRICT_OBJC_MSGSEND = YES;
				GCC_C_LANGUAGE_STANDARD = gnu99;
				GCC_DYNAMIC_NO_PIC = NO;
				GCC_OPTIMIZATION_LEVEL = 0;
				GCC_PREPROCESSOR_DEFINITIONS = (
					"DEBUG=1",
					"$(inherited)",
				);
				GCC_SYMBOLS_PRIVATE_EXTERN = NO;
				GCC_WARN_64_TO_32_BIT_CONVERSION = YES;
				GCC_WARN_ABOUT_RETURN_TYPE = YES_ERROR;
				GCC_WARN_UNDECLARED_SELECTOR = YES;
				GCC_WARN_UNINITIALIZED_AUTOS = YES_AGGRESSIVE;
				GCC_WARN_UNUSED_FUNCTION = YES;
				GCC_WARN_UNUSED_VARIABLE = YES;
				IPHONEOS_DEPLOYMENT_TARGET = 8.0;
				MTL_ENABLE_DEBUG_INFO = YES;
				ONLY_ACTIVE_ARCH = YES;
				SDKROOT = iphoneos;
				TARGETED_DEVICE_FAMILY = "1,2";
			};
			name = Debug;
		};
		800481D219F6500100340021 /* Release */ = {
			isa = XCBuildConfiguration;
			buildSettings = {
				ALWAYS_SEARCH_USER_PATHS = NO;
				CLANG_CXX_LANGUAGE_STANDARD = "gnu++0x";
				CLANG_CXX_LIBRARY = "libc++";
				CLANG_ENABLE_MODULES = YES;
				CLANG_ENABLE_OBJC_ARC = YES;
				CLANG_WARN_BOOL_CONVERSION = YES;
				CLANG_WARN_CONSTANT_CONVERSION = YES;
				CLANG_WARN_DIRECT_OBJC_ISA_USAGE = YES_ERROR;
				CLANG_WARN_EMPTY_BODY = YES;
				CLANG_WARN_ENUM_CONVERSION = YES;
				CLANG_WARN_INT_CONVERSION = YES;
				CLANG_WARN_OBJC_ROOT_CLASS = YES_ERROR;
				CLANG_WARN_UNREACHABLE_CODE = YES;
				CLANG_WARN__DUPLICATE_METHOD_MATCH = YES;
				"CODE_SIGN_IDENTITY[sdk=iphoneos*]" = "iPhone Developer";
				COPY_PHASE_STRIP = YES;
				ENABLE_NS_ASSERTIONS = NO;
				ENABLE_STRICT_OBJC_MSGSEND = YES;
				GCC_C_LANGUAGE_STANDARD = gnu99;
				GCC_WARN_64_TO_32_BIT_CONVERSION = YES;
				GCC_WARN_ABOUT_RETURN_TYPE = YES_ERROR;
				GCC_WARN_UNDECLARED_SELECTOR = YES;
				GCC_WARN_UNINITIALIZED_AUTOS = YES_AGGRESSIVE;
				GCC_WARN_UNUSED_FUNCTION = YES;
				GCC_WARN_UNUSED_VARIABLE = YES;
				IPHONEOS_DEPLOYMENT_TARGET = 8.0;
				MTL_ENABLE_DEBUG_INFO = NO;
				SDKROOT = iphoneos;
				TARGETED_DEVICE_FAMILY = "1,2";
				VALIDATE_PRODUCT = YES;
			};
			name = Release;
		};
		800481D419F6500100340021 /* Debug */ = {
			isa = XCBuildConfiguration;
			buildSettings = {
				ASSETCATALOG_COMPILER_APPICON_NAME = AppIcon;
				INFOPLIST_FILE = Day1_8_Page_Based_App/Info.plist;
				LD_RUNPATH_SEARCH_PATHS = "$(inherited) @executable_path/Frameworks";
				PRODUCT_NAME = "$(TARGET_NAME)";
			};
			name = Debug;
		};
		800481D519F6500100340021 /* Release */ = {
			isa = XCBuildConfiguration;
			buildSettings = {
				ASSETCATALOG_COMPILER_APPICON_NAME = AppIcon;
				INFOPLIST_FILE = Day1_8_Page_Based_App/Info.plist;
				LD_RUNPATH_SEARCH_PATHS = "$(inherited) @executable_path/Frameworks";
				PRODUCT_NAME = "$(TARGET_NAME)";
			};
			name = Release;
		};
		800481D719F6500100340021 /* Debug */ = {
			isa = XCBuildConfiguration;
			buildSettings = {
				BUNDLE_LOADER = "$(TEST_HOST)";
				FRAMEWORK_SEARCH_PATHS = (
					"$(SDKROOT)/Developer/Library/Frameworks",
					"$(inherited)",
				);
				GCC_PREPROCESSOR_DEFINITIONS = (
					"DEBUG=1",
					"$(inherited)",
				);
				INFOPLIST_FILE = Day1_8_Page_Based_AppTests/Info.plist;
				LD_RUNPATH_SEARCH_PATHS = "$(inherited) @executable_path/Frameworks @loader_path/Frameworks";
				PRODUCT_NAME = "$(TARGET_NAME)";
				TEST_HOST = "$(BUILT_PRODUCTS_DIR)/Day1_8_Page_Based_App.app/Day1_8_Page_Based_App";
			};
			name = Debug;
		};
		800481D819F6500100340021 /* Release */ = {
			isa = XCBuildConfiguration;
			buildSettings = {
				BUNDLE_LOADER = "$(TEST_HOST)";
				FRAMEWORK_SEARCH_PATHS = (
					"$(SDKROOT)/Developer/Library/Frameworks",
					"$(inherited)",
				);
				INFOPLIST_FILE = Day1_8_Page_Based_AppTests/Info.plist;
				LD_RUNPATH_SEARCH_PATHS = "$(inherited) @executable_path/Frameworks @loader_path/Frameworks";
				PRODUCT_NAME = "$(TARGET_NAME)";
				TEST_HOST = "$(BUILT_PRODUCTS_DIR)/Day1_8_Page_Based_App.app/Day1_8_Page_Based_App";
			};
			name = Release;
		};
/* End XCBuildConfiguration section */

/* Begin XCConfigurationList section */
		800481A519F6500100340021 /* Build configuration list for PBXProject "Day1_8_Page_Based_App" */ = {
			isa = XCConfigurationList;
			buildConfigurations = (
				800481D119F6500100340021 /* Debug */,
				800481D219F6500100340021 /* Release */,
			);
			defaultConfigurationIsVisible = 0;
			defaultConfigurationName = Release;
		};
		800481D319F6500100340021 /* Build configuration list for PBXNativeTarget "Day1_8_Page_Based_App" */ = {
			isa = XCConfigurationList;
			buildConfigurations = (
				800481D419F6500100340021 /* Debug */,
				800481D519F6500100340021 /* Release */,
			);
			defaultConfigurationIsVisible = 0;
		};
		800481D619F6500100340021 /* Build configuration list for PBXNativeTarget "Day1_8_Page_Based_AppTests" */ = {
			isa = XCConfigurationList;
			buildConfigurations = (
				800481D719F6500100340021 /* Debug */,
				800481D819F6500100340021 /* Release */,
			);
			defaultConfigurationIsVisible = 0;
		};
/* End XCConfigurationList section */
	};
	rootObject = 800481A219F6500100340021 /* Project object */;
}
