// !$*UTF8*$!
{
	archiveVersion = 1;
	classes = {
	};
	objectVersion = 46;
	objects = {

/* Begin PBXBuildFile section */
		8012602C19F8D8BF003047BF /* main.m in Sources */ = {isa = PBXBuildFile; fileRef = 8012602B19F8D8BF003047BF /* main.m */; };
		8012603419F8D8F9003047BF /* RepairComponent.m in Sources */ = {isa = PBXBuildFile; fileRef = 8012603319F8D8F9003047BF /* RepairComponent.m */; };
/* End PBXBuildFile section */

/* Begin PBXCopyFilesBuildPhase section */
		8012602619F8D8BF003047BF /* CopyFiles */ = {
			isa = PBXCopyFilesBuildPhase;
			buildActionMask = 2147483647;
			dstPath = /usr/share/man/man1/;
			dstSubfolderSpec = 0;
			files = (
			);
			runOnlyForDeploymentPostprocessing = 1;
		};
/* End PBXCopyFilesBuildPhase section */

/* Begin PBXFileReference section */
		8012602819F8D8BF003047BF /* Day3_6 */ = {isa = PBXFileReference; explicitFileType = "compiled.mach-o.executable"; includeInIndex = 0; path = Day3_6; sourceTree = BUILT_PRODUCTS_DIR; };
		8012602B19F8D8BF003047BF /* main.m */ = {isa = PBXFileReference; lastKnownFileType = sourcecode.c.objc; path = main.m; sourceTree = "<group>"; };
		8012603219F8D8F9003047BF /* RepairComponent.h */ = {isa = PBXFileReference; fileEncoding = 4; lastKnownFileType = sourcecode.c.h; path = RepairComponent.h; sourceTree = "<group>"; };
		8012603319F8D8F9003047BF /* RepairComponent.m */ = {isa = PBXFileReference; fileEncoding = 4; lastKnownFileType = sourcecode.c.objc; path = RepairComponent.m; sourceTree = "<group>"; };
/* End PBXFileReference section */

/* Begin PBXFrameworksBuildPhase section */
		8012602519F8D8BF003047BF /* Frameworks */ = {
			isa = PBXFrameworksBuildPhase;
			buildActionMask = 2147483647;
			files = (
			);
			runOnlyForDeploymentPostprocessing = 0;
		};
/* End PBXFrameworksBuildPhase section */

/* Begin PBXGroup section */
		8012601F19F8D8BF003047BF = {
			isa = PBXGroup;
			children = (
				8012603219F8D8F9003047BF /* RepairComponent.h */,
				8012603319F8D8F9003047BF /* RepairComponent.m */,
				8012602A19F8D8BF003047BF /* Day3_6 */,
				8012602919F8D8BF003047BF /* Products */,
			);
			sourceTree = "<group>";
		};
		8012602919F8D8BF003047BF /* Products */ = {
			isa = PBXGroup;
			children = (
				8012602819F8D8BF003047BF /* Day3_6 */,
			);
			name = Products;
			sourceTree = "<group>";
		};
		8012602A19F8D8BF003047BF /* Day3_6 */ = {
			isa = PBXGroup;
			children = (
				8012602B19F8D8BF003047BF /* main.m */,
			);
			path = Day3_6;
			sourceTree = "<group>";
		};
/* End PBXGroup section */

/* Begin PBXNativeTarget section */
		8012602719F8D8BF003047BF /* Day3_6 */ = {
			isa = PBXNativeTarget;
			buildConfigurationList = 8012602F19F8D8BF003047BF /* Build configuration list for PBXNativeTarget "Day3_6" */;
			buildPhases = (
				8012602419F8D8BF003047BF /* Sources */,
				8012602519F8D8BF003047BF /* Frameworks */,
				8012602619F8D8BF003047BF /* CopyFiles */,
			);
			buildRules = (
			);
			dependencies = (
			);
			name = Day3_6;
			productName = Day3_6;
			productReference = 8012602819F8D8BF003047BF /* Day3_6 */;
			productType = "com.apple.product-type.tool";
		};
/* End PBXNativeTarget section */

/* Begin PBXProject section */
		8012602019F8D8BF003047BF /* Project object */ = {
			isa = PBXProject;
			attributes = {
				LastUpgradeCheck = 0600;
				ORGANIZATIONNAME = KnightO;
				TargetAttributes = {
					8012602719F8D8BF003047BF = {
						CreatedOnToolsVersion = 6.0.1;
					};
				};
			};
			buildConfigurationList = 8012602319F8D8BF003047BF /* Build configuration list for PBXProject "Day3_6" */;
			compatibilityVersion = "Xcode 3.2";
			developmentRegion = English;
			hasScannedForEncodings = 0;
			knownRegions = (
				en,
			);
			mainGroup = 8012601F19F8D8BF003047BF;
			productRefGroup = 8012602919F8D8BF003047BF /* Products */;
			projectDirPath = "";
			projectRoot = "";
			targets = (
				8012602719F8D8BF003047BF /* Day3_6 */,
			);
		};
/* End PBXProject section */

/* Begin PBXSourcesBuildPhase section */
		8012602419F8D8BF003047BF /* Sources */ = {
			isa = PBXSourcesBuildPhase;
			buildActionMask = 2147483647;
			files = (
				8012603419F8D8F9003047BF /* RepairComponent.m in Sources */,
				8012602C19F8D8BF003047BF /* main.m in Sources */,
			);
			runOnlyForDeploymentPostprocessing = 0;
		};
/* End PBXSourcesBuildPhase section */

/* Begin XCBuildConfiguration section */
		8012602D19F8D8BF003047BF /* Debug */ = {
			isa = XCBuildConfiguration;
			buildSettings = {
				ALWAYS_SEARCH_USER_PATHS = NO;
				CLANG_CXX_LANGUAGE_STANDARD = "gnu++0x";
				CLANG_CXX_LIBRARY = "libc++";
				CLANG_ENABLE_MODULES = YES;
				CLANG_ENABLE_OBJC_ARC = YES;
				CLANG_WARN_BOOL_CONVERSION = YES;
				CLANG_WARN_CONSTANT_CONVERSION = YES;
				CLANG_WARN_DIRECT_OBJC_ISA_USAGE = YES_ERROR;
				CLANG_WARN_EMPTY_BODY = YES;
				CLANG_WARN_ENUM_CONVERSION = YES;
				CLANG_WARN_INT_CONVERSION = YES;
				CLANG_WARN_OBJC_ROOT_CLASS = YES_ERROR;
				CLANG_WARN_UNREACHABLE_CODE = YES;
				CLANG_WARN__DUPLICATE_METHOD_MATCH = YES;
				COPY_PHASE_STRIP = NO;
				ENABLE_STRICT_OBJC_MSGSEND = YES;
				GCC_C_LANGUAGE_STANDARD = gnu99;
				GCC_DYNAMIC_NO_PIC = NO;
				GCC_OPTIMIZATION_LEVEL = 0;
				GCC_PREPROCESSOR_DEFINITIONS = (
					"DEBUG=1",
					"$(inherited)",
				);
				GCC_SYMBOLS_PRIVATE_EXTERN = NO;
				GCC_WARN_64_TO_32_BIT_CONVERSION = YES;
				GCC_WARN_ABOUT_RETURN_TYPE = YES_ERROR;
				GCC_WARN_UNDECLARED_SELECTOR = YES;
				GCC_WARN_UNINITIALIZED_AUTOS = YES_AGGRESSIVE;
				GCC_WARN_UNUSED_FUNCTION = YES;
				GCC_WARN_UNUSED_VARIABLE = YES;
				MACOSX_DEPLOYMENT_TARGET = 10.10;
				MTL_ENABLE_DEBUG_INFO = YES;
				ONLY_ACTIVE_ARCH = YES;
				SDKROOT = macosx;
			};
			name = Debug;
		};
		8012602E19F8D8BF003047BF /* Release */ = {
			isa = XCBuildConfiguration;
			buildSettings = {
				ALWAYS_SEARCH_USER_PATHS = NO;
				CLANG_CXX_LANGUAGE_STANDARD = "gnu++0x";
				CLANG_CXX_LIBRARY = "libc++";
				CLANG_ENABLE_MODULES = YES;
				CLANG_ENABLE_OBJC_ARC = YES;
				CLANG_WARN_BOOL_CONVERSION = YES;
				CLANG_WARN_CONSTANT_CONVERSION = YES;
				CLANG_WARN_DIRECT_OBJC_ISA_USAGE = YES_ERROR;
				CLANG_WARN_EMPTY_BODY = YES;
				CLANG_WARN_ENUM_CONVERSION = YES;
				CLANG_WARN_INT_CONVERSION = YES;
				CLANG_WARN_OBJC_ROOT_CLASS = YES_ERROR;
				CLANG_WARN_UNREACHABLE_CODE = YES;
				CLANG_WARN__DUPLICATE_METHOD_MATCH = YES;
				COPY_PHASE_STRIP = YES;
				DEBUG_INFORMATION_FORMAT = "dwarf-with-dsym";
				ENABLE_NS_ASSERTIONS = NO;
				ENABLE_STRICT_OBJC_MSGSEND = YES;
				GCC_C_LANGUAGE_STANDARD = gnu99;
				GCC_WARN_64_TO_32_BIT_CONVERSION = YES;
				GCC_WARN_ABOUT_RETURN_TYPE = YES_ERROR;
				GCC_WARN_UNDECLARED_SELECTOR = YES;
				GCC_WARN_UNINITIALIZED_AUTOS = YES_AGGRESSIVE;
				GCC_WARN_UNUSED_FUNCTION = YES;
				GCC_WARN_UNUSED_VARIABLE = YES;
				MACOSX_DEPLOYMENT_TARGET = 10.10;
				MTL_ENABLE_DEBUG_INFO = NO;
				SDKROOT = macosx;
			};
			name = Release;
		};
		8012603019F8D8BF003047BF /* Debug */ = {
			isa = XCBuildConfiguration;
			buildSettings = {
				PRODUCT_NAME = "$(TARGET_NAME)";
			};
			name = Debug;
		};
		8012603119F8D8BF003047BF /* Release */ = {
			isa = XCBuildConfiguration;
			buildSettings = {
				PRODUCT_NAME = "$(TARGET_NAME)";
			};
			name = Release;
		};
/* End XCBuildConfiguration section */

/* Begin XCConfigurationList section */
		8012602319F8D8BF003047BF /* Build configuration list for PBXProject "Day3_6" */ = {
			isa = XCConfigurationList;
			buildConfigurations = (
				8012602D19F8D8BF003047BF /* Debug */,
				8012602E19F8D8BF003047BF /* Release */,
			);
			defaultConfigurationIsVisible = 0;
			defaultConfigurationName = Release;
		};
		8012602F19F8D8BF003047BF /* Build configuration list for PBXNativeTarget "Day3_6" */ = {
			isa = XCConfigurationList;
			buildConfigurations = (
				8012603019F8D8BF003047BF /* Debug */,
				8012603119F8D8BF003047BF /* Release */,
			);
			defaultConfigurationIsVisible = 0;
		};
/* End XCConfigurationList section */
	};
	rootObject = 8012602019F8D8BF003047BF /* Project object */;
}
