// !$*UTF8*$!
{
	archiveVersion = 1;
	classes = {
	};
	objectVersion = 46;
	objects = {

/* Begin PBXBuildFile section */
		8004811119F6404900340021 /* main.m in Sources */ = {isa = PBXBuildFile; fileRef = 8004811019F6404900340021 /* main.m */; };
		8004811419F6404900340021 /* AppDelegate.m in Sources */ = {isa = PBXBuildFile; fileRef = 8004811319F6404900340021 /* AppDelegate.m */; };
		8004811719F6404900340021 /* ViewController.m in Sources */ = {isa = PBXBuildFile; fileRef = 8004811619F6404900340021 /* ViewController.m */; };
		8004811A19F6404900340021 /* Main.storyboard in Resources */ = {isa = PBXBuildFile; fileRef = 8004811819F6404900340021 /* Main.storyboard */; };
		8004811C19F6404900340021 /* Images.xcassets in Resources */ = {isa = PBXBuildFile; fileRef = 8004811B19F6404900340021 /* Images.xcassets */; };
		8004811F19F6404900340021 /* LaunchScreen.xib in Resources */ = {isa = PBXBuildFile; fileRef = 8004811D19F6404900340021 /* LaunchScreen.xib */; };
		8004812B19F6404900340021 /* Day1_5_Utility_AppTests.m in Sources */ = {isa = PBXBuildFile; fileRef = 8004812A19F6404900340021 /* Day1_5_Utility_AppTests.m */; };
/* End PBXBuildFile section */

/* Begin PBXContainerItemProxy section */
		8004812519F6404900340021 /* PBXContainerItemProxy */ = {
			isa = PBXContainerItemProxy;
			containerPortal = 8004810319F6404900340021 /* Project object */;
			proxyType = 1;
			remoteGlobalIDString = 8004810A19F6404900340021;
			remoteInfo = Day1_5_Utility_App;
		};
/* End PBXContainerItemProxy section */

/* Begin PBXFileReference section */
		8004810B19F6404900340021 /* Day1_5_Utility_App.app */ = {isa = PBXFileReference; explicitFileType = wrapper.application; includeInIndex = 0; path = Day1_5_Utility_App.app; sourceTree = BUILT_PRODUCTS_DIR; };
		8004810F19F6404900340021 /* Info.plist */ = {isa = PBXFileReference; lastKnownFileType = text.plist.xml; path = Info.plist; sourceTree = "<group>"; };
		8004811019F6404900340021 /* main.m */ = {isa = PBXFileReference; lastKnownFileType = sourcecode.c.objc; path = main.m; sourceTree = "<group>"; };
		8004811219F6404900340021 /* AppDelegate.h */ = {isa = PBXFileReference; lastKnownFileType = sourcecode.c.h; path = AppDelegate.h; sourceTree = "<group>"; };
		8004811319F6404900340021 /* AppDelegate.m */ = {isa = PBXFileReference; lastKnownFileType = sourcecode.c.objc; path = AppDelegate.m; sourceTree = "<group>"; };
		8004811519F6404900340021 /* ViewController.h */ = {isa = PBXFileReference; lastKnownFileType = sourcecode.c.h; path = ViewController.h; sourceTree = "<group>"; };
		8004811619F6404900340021 /* ViewController.m */ = {isa = PBXFileReference; lastKnownFileType = sourcecode.c.objc; path = ViewController.m; sourceTree = "<group>"; };
		8004811919F6404900340021 /* Base */ = {isa = PBXFileReference; lastKnownFileType = file.storyboard; name = Base; path = Base.lproj/Main.storyboard; sourceTree = "<group>"; };
		8004811B19F6404900340021 /* Images.xcassets */ = {isa = PBXFileReference; lastKnownFileType = folder.assetcatalog; path = Images.xcassets; sourceTree = "<group>"; };
		8004811E19F6404900340021 /* Base */ = {isa = PBXFileReference; lastKnownFileType = file.xib; name = Base; path = Base.lproj/LaunchScreen.xib; sourceTree = "<group>"; };
		8004812419F6404900340021 /* Day1_5_Utility_AppTests.xctest */ = {isa = PBXFileReference; explicitFileType = wrapper.cfbundle; includeInIndex = 0; path = Day1_5_Utility_AppTests.xctest; sourceTree = BUILT_PRODUCTS_DIR; };
		8004812919F6404900340021 /* Info.plist */ = {isa = PBXFileReference; lastKnownFileType = text.plist.xml; path = Info.plist; sourceTree = "<group>"; };
		8004812A19F6404900340021 /* Day1_5_Utility_AppTests.m */ = {isa = PBXFileReference; lastKnownFileType = sourcecode.c.objc; path = Day1_5_Utility_AppTests.m; sourceTree = "<group>"; };
/* End PBXFileReference section */

/* Begin PBXFrameworksBuildPhase section */
		8004810819F6404900340021 /* Frameworks */ = {
			isa = PBXFrameworksBuildPhase;
			buildActionMask = 2147483647;
			files = (
			);
			runOnlyForDeploymentPostprocessing = 0;
		};
		8004812119F6404900340021 /* Frameworks */ = {
			isa = PBXFrameworksBuildPhase;
			buildActionMask = 2147483647;
			files = (
			);
			runOnlyForDeploymentPostprocessing = 0;
		};
/* End PBXFrameworksBuildPhase section */

/* Begin PBXGroup section */
		8004810219F6404900340021 = {
			isa = PBXGroup;
			children = (
				8004810D19F6404900340021 /* Day1_5_Utility_App */,
				8004812719F6404900340021 /* Day1_5_Utility_AppTests */,
				8004810C19F6404900340021 /* Products */,
			);
			sourceTree = "<group>";
		};
		8004810C19F6404900340021 /* Products */ = {
			isa = PBXGroup;
			children = (
				8004810B19F6404900340021 /* Day1_5_Utility_App.app */,
				8004812419F6404900340021 /* Day1_5_Utility_AppTests.xctest */,
			);
			name = Products;
			sourceTree = "<group>";
		};
		8004810D19F6404900340021 /* Day1_5_Utility_App */ = {
			isa = PBXGroup;
			children = (
				8004811219F6404900340021 /* AppDelegate.h */,
				8004811319F6404900340021 /* AppDelegate.m */,
				8004811519F6404900340021 /* ViewController.h */,
				8004811619F6404900340021 /* ViewController.m */,
				8004811819F6404900340021 /* Main.storyboard */,
				8004811B19F6404900340021 /* Images.xcassets */,
				8004811D19F6404900340021 /* LaunchScreen.xib */,
				8004810E19F6404900340021 /* Supporting Files */,
			);
			path = Day1_5_Utility_App;
			sourceTree = "<group>";
		};
		8004810E19F6404900340021 /* Supporting Files */ = {
			isa = PBXGroup;
			children = (
				8004810F19F6404900340021 /* Info.plist */,
				8004811019F6404900340021 /* main.m */,
			);
			name = "Supporting Files";
			sourceTree = "<group>";
		};
		8004812719F6404900340021 /* Day1_5_Utility_AppTests */ = {
			isa = PBXGroup;
			children = (
				8004812A19F6404900340021 /* Day1_5_Utility_AppTests.m */,
				8004812819F6404900340021 /* Supporting Files */,
			);
			path = Day1_5_Utility_AppTests;
			sourceTree = "<group>";
		};
		8004812819F6404900340021 /* Supporting Files */ = {
			isa = PBXGroup;
			children = (
				8004812919F6404900340021 /* Info.plist */,
			);
			name = "Supporting Files";
			sourceTree = "<group>";
		};
/* End PBXGroup section */

/* Begin PBXNativeTarget section */
		8004810A19F6404900340021 /* Day1_5_Utility_App */ = {
			isa = PBXNativeTarget;
			buildConfigurationList = 8004812E19F6404900340021 /* Build configuration list for PBXNativeTarget "Day1_5_Utility_App" */;
			buildPhases = (
				8004810719F6404900340021 /* Sources */,
				8004810819F6404900340021 /* Frameworks */,
				8004810919F6404900340021 /* Resources */,
			);
			buildRules = (
			);
			dependencies = (
			);
			name = Day1_5_Utility_App;
			productName = Day1_5_Utility_App;
			productReference = 8004810B19F6404900340021 /* Day1_5_Utility_App.app */;
			productType = "com.apple.product-type.application";
		};
		8004812319F6404900340021 /* Day1_5_Utility_AppTests */ = {
			isa = PBXNativeTarget;
			buildConfigurationList = 8004813119F6404900340021 /* Build configuration list for PBXNativeTarget "Day1_5_Utility_AppTests" */;
			buildPhases = (
				8004812019F6404900340021 /* Sources */,
				8004812119F6404900340021 /* Frameworks */,
				8004812219F6404900340021 /* Resources */,
			);
			buildRules = (
			);
			dependencies = (
				8004812619F6404900340021 /* PBXTargetDependency */,
			);
			name = Day1_5_Utility_AppTests;
			productName = Day1_5_Utility_AppTests;
			productReference = 8004812419F6404900340021 /* Day1_5_Utility_AppTests.xctest */;
			productType = "com.apple.product-type.bundle.unit-test";
		};
/* End PBXNativeTarget section */

/* Begin PBXProject section */
		8004810319F6404900340021 /* Project object */ = {
			isa = PBXProject;
			attributes = {
				LastUpgradeCheck = 0600;
				ORGANIZATIONNAME = KnightO;
				TargetAttributes = {
					8004810A19F6404900340021 = {
						CreatedOnToolsVersion = 6.0.1;
					};
					8004812319F6404900340021 = {
						CreatedOnToolsVersion = 6.0.1;
						TestTargetID = 8004810A19F6404900340021;
					};
				};
			};
			buildConfigurationList = 8004810619F6404900340021 /* Build configuration list for PBXProject "Day1_5_Utility_App" */;
			compatibilityVersion = "Xcode 3.2";
			developmentRegion = English;
			hasScannedForEncodings = 0;
			knownRegions = (
				en,
				Base,
			);
			mainGroup = 8004810219F6404900340021;
			productRefGroup = 8004810C19F6404900340021 /* Products */;
			projectDirPath = "";
			projectRoot = "";
			targets = (
				8004810A19F6404900340021 /* Day1_5_Utility_App */,
				8004812319F6404900340021 /* Day1_5_Utility_AppTests */,
			);
		};
/* End PBXProject section */

/* Begin PBXResourcesBuildPhase section */
		8004810919F6404900340021 /* Resources */ = {
			isa = PBXResourcesBuildPhase;
			buildActionMask = 2147483647;
			files = (
				8004811A19F6404900340021 /* Main.storyboard in Resources */,
				8004811F19F6404900340021 /* LaunchScreen.xib in Resources */,
				8004811C19F6404900340021 /* Images.xcassets in Resources */,
			);
			runOnlyForDeploymentPostprocessing = 0;
		};
		8004812219F6404900340021 /* Resources */ = {
			isa = PBXResourcesBuildPhase;
			buildActionMask = 2147483647;
			files = (
			);
			runOnlyForDeploymentPostprocessing = 0;
		};
/* End PBXResourcesBuildPhase section */

/* Begin PBXSourcesBuildPhase section */
		8004810719F6404900340021 /* Sources */ = {
			isa = PBXSourcesBuildPhase;
			buildActionMask = 2147483647;
			files = (
				8004811719F6404900340021 /* ViewController.m in Sources */,
				8004811419F6404900340021 /* AppDelegate.m in Sources */,
				8004811119F6404900340021 /* main.m in Sources */,
			);
			runOnlyForDeploymentPostprocessing = 0;
		};
		8004812019F6404900340021 /* Sources */ = {
			isa = PBXSourcesBuildPhase;
			buildActionMask = 2147483647;
			files = (
				8004812B19F6404900340021 /* Day1_5_Utility_AppTests.m in Sources */,
			);
			runOnlyForDeploymentPostprocessing = 0;
		};
/* End PBXSourcesBuildPhase section */

/* Begin PBXTargetDependency section */
		8004812619F6404900340021 /* PBXTargetDependency */ = {
			isa = PBXTargetDependency;
			target = 8004810A19F6404900340021 /* Day1_5_Utility_App */;
			targetProxy = 8004812519F6404900340021 /* PBXContainerItemProxy */;
		};
/* End PBXTargetDependency section */

/* Begin PBXVariantGroup section */
		8004811819F6404900340021 /* Main.storyboard */ = {
			isa = PBXVariantGroup;
			children = (
				8004811919F6404900340021 /* Base */,
			);
			name = Main.storyboard;
			sourceTree = "<group>";
		};
		8004811D19F6404900340021 /* LaunchScreen.xib */ = {
			isa = PBXVariantGroup;
			children = (
				8004811E19F6404900340021 /* Base */,
			);
			name = LaunchScreen.xib;
			sourceTree = "<group>";
		};
/* End PBXVariantGroup section */

/* Begin XCBuildConfiguration section */
		8004812C19F6404900340021 /* Debug */ = {
			isa = XCBuildConfiguration;
			buildSettings = {
				ALWAYS_SEARCH_USER_PATHS = NO;
				CLANG_CXX_LANGUAGE_STANDARD = "gnu++0x";
				CLANG_CXX_LIBRARY = "libc++";
				CLANG_ENABLE_MODULES = YES;
				CLANG_ENABLE_OBJC_ARC = YES;
				CLANG_WARN_BOOL_CONVERSION = YES;
				CLANG_WARN_CONSTANT_CONVERSION = YES;
				CLANG_WARN_DIRECT_OBJC_ISA_USAGE = YES_ERROR;
				CLANG_WARN_EMPTY_BODY = YES;
				CLANG_WARN_ENUM_CONVERSION = YES;
				CLANG_WARN_INT_CONVERSION = YES;
				CLANG_WARN_OBJC_ROOT_CLASS = YES_ERROR;
				CLANG_WARN_UNREACHABLE_CODE = YES;
				CLANG_WARN__DUPLICATE_METHOD_MATCH = YES;
				"CODE_SIGN_IDENTITY[sdk=iphoneos*]" = "iPhone Developer";
				COPY_PHASE_STRIP = NO;
				ENABLE_STRICT_OBJC_MSGSEND = YES;
				GCC_C_LANGUAGE_STANDARD = gnu99;
				GCC_DYNAMIC_NO_PIC = NO;
				GCC_OPTIMIZATION_LEVEL = 0;
				GCC_PREPROCESSOR_DEFINITIONS = (
					"DEBUG=1",
					"$(inherited)",
				);
				GCC_SYMBOLS_PRIVATE_EXTERN = NO;
				GCC_WARN_64_TO_32_BIT_CONVERSION = YES;
				GCC_WARN_ABOUT_RETURN_TYPE = YES_ERROR;
				GCC_WARN_UNDECLARED_SELECTOR = YES;
				GCC_WARN_UNINITIALIZED_AUTOS = YES_AGGRESSIVE;
				GCC_WARN_UNUSED_FUNCTION = YES;
				GCC_WARN_UNUSED_VARIABLE = YES;
				IPHONEOS_DEPLOYMENT_TARGET = 8.0;
				MTL_ENABLE_DEBUG_INFO = YES;
				ONLY_ACTIVE_ARCH = YES;
				SDKROOT = iphoneos;
				TARGETED_DEVICE_FAMILY = "1,2";
			};
			name = Debug;
		};
		8004812D19F6404900340021 /* Release */ = {
			isa = XCBuildConfiguration;
			buildSettings = {
				ALWAYS_SEARCH_USER_PATHS = NO;
				CLANG_CXX_LANGUAGE_STANDARD = "gnu++0x";
				CLANG_CXX_LIBRARY = "libc++";
				CLANG_ENABLE_MODULES = YES;
				CLANG_ENABLE_OBJC_ARC = YES;
				CLANG_WARN_BOOL_CONVERSION = YES;
				CLANG_WARN_CONSTANT_CONVERSION = YES;
				CLANG_WARN_DIRECT_OBJC_ISA_USAGE = YES_ERROR;
				CLANG_WARN_EMPTY_BODY = YES;
				CLANG_WARN_ENUM_CONVERSION = YES;
				CLANG_WARN_INT_CONVERSION = YES;
				CLANG_WARN_OBJC_ROOT_CLASS = YES_ERROR;
				CLANG_WARN_UNREACHABLE_CODE = YES;
				CLANG_WARN__DUPLICATE_METHOD_MATCH = YES;
				"CODE_SIGN_IDENTITY[sdk=iphoneos*]" = "iPhone Developer";
				COPY_PHASE_STRIP = YES;
				ENABLE_NS_ASSERTIONS = NO;
				ENABLE_STRICT_OBJC_MSGSEND = YES;
				GCC_C_LANGUAGE_STANDARD = gnu99;
				GCC_WARN_64_TO_32_BIT_CONVERSION = YES;
				GCC_WARN_ABOUT_RETURN_TYPE = YES_ERROR;
				GCC_WARN_UNDECLARED_SELECTOR = YES;
				GCC_WARN_UNINITIALIZED_AUTOS = YES_AGGRESSIVE;
				GCC_WARN_UNUSED_FUNCTION = YES;
				GCC_WARN_UNUSED_VARIABLE = YES;
				IPHONEOS_DEPLOYMENT_TARGET = 8.0;
				MTL_ENABLE_DEBUG_INFO = NO;
				SDKROOT = iphoneos;
				TARGETED_DEVICE_FAMILY = "1,2";
				VALIDATE_PRODUCT = YES;
			};
			name = Release;
		};
		8004812F19F6404900340021 /* Debug */ = {
			isa = XCBuildConfiguration;
			buildSettings = {
				ASSETCATALOG_COMPILER_APPICON_NAME = AppIcon;
				INFOPLIST_FILE = Day1_5_Utility_App/Info.plist;
				LD_RUNPATH_SEARCH_PATHS = "$(inherited) @executable_path/Frameworks";
				PRODUCT_NAME = "$(TARGET_NAME)";
			};
			name = Debug;
		};
		8004813019F6404900340021 /* Release */ = {
			isa = XCBuildConfiguration;
			buildSettings = {
				ASSETCATALOG_COMPILER_APPICON_NAME = AppIcon;
				INFOPLIST_FILE = Day1_5_Utility_App/Info.plist;
				LD_RUNPATH_SEARCH_PATHS = "$(inherited) @executable_path/Frameworks";
				PRODUCT_NAME = "$(TARGET_NAME)";
			};
			name = Release;
		};
		8004813219F6404900340021 /* Debug */ = {
			isa = XCBuildConfiguration;
			buildSettings = {
				BUNDLE_LOADER = "$(TEST_HOST)";
				FRAMEWORK_SEARCH_PATHS = (
					"$(SDKROOT)/Developer/Library/Frameworks",
					"$(inherited)",
				);
				GCC_PREPROCESSOR_DEFINITIONS = (
					"DEBUG=1",
					"$(inherited)",
				);
				INFOPLIST_FILE = Day1_5_Utility_AppTests/Info.plist;
				LD_RUNPATH_SEARCH_PATHS = "$(inherited) @executable_path/Frameworks @loader_path/Frameworks";
				PRODUCT_NAME = "$(TARGET_NAME)";
				TEST_HOST = "$(BUILT_PRODUCTS_DIR)/Day1_5_Utility_App.app/Day1_5_Utility_App";
			};
			name = Debug;
		};
		8004813319F6404900340021 /* Release */ = {
			isa = XCBuildConfiguration;
			buildSettings = {
				BUNDLE_LOADER = "$(TEST_HOST)";
				FRAMEWORK_SEARCH_PATHS = (
					"$(SDKROOT)/Developer/Library/Frameworks",
					"$(inherited)",
				);
				INFOPLIST_FILE = Day1_5_Utility_AppTests/Info.plist;
				LD_RUNPATH_SEARCH_PATHS = "$(inherited) @executable_path/Frameworks @loader_path/Frameworks";
				PRODUCT_NAME = "$(TARGET_NAME)";
				TEST_HOST = "$(BUILT_PRODUCTS_DIR)/Day1_5_Utility_App.app/Day1_5_Utility_App";
			};
			name = Release;
		};
/* End XCBuildConfiguration section */

/* Begin XCConfigurationList section */
		8004810619F6404900340021 /* Build configuration list for PBXProject "Day1_5_Utility_App" */ = {
			isa = XCConfigurationList;
			buildConfigurations = (
				8004812C19F6404900340021 /* Debug */,
				8004812D19F6404900340021 /* Release */,
			);
			defaultConfigurationIsVisible = 0;
			defaultConfigurationName = Release;
		};
		8004812E19F6404900340021 /* Build configuration list for PBXNativeTarget "Day1_5_Utility_App" */ = {
			isa = XCConfigurationList;
			buildConfigurations = (
				8004812F19F6404900340021 /* Debug */,
				8004813019F6404900340021 /* Release */,
			);
			defaultConfigurationIsVisible = 0;
		};
		8004813119F6404900340021 /* Build configuration list for PBXNativeTarget "Day1_5_Utility_AppTests" */ = {
			isa = XCConfigurationList;
			buildConfigurations = (
				8004813219F6404900340021 /* Debug */,
				8004813319F6404900340021 /* Release */,
			);
			defaultConfigurationIsVisible = 0;
		};
/* End XCConfigurationList section */
	};
	rootObject = 8004810319F6404900340021 /* Project object */;
}
