// !$*UTF8*$!
{
	archiveVersion = 1;
	classes = {
	};
	objectVersion = 46;
	objects = {

/* Begin PBXBuildFile section */
		80125FE019F8A9DC003047BF /* File.strings in Resources */ = {isa = PBXBuildFile; fileRef = 80125FE219F8A9DC003047BF /* File.strings */; };
		80125FE519F8ABFC003047BF /* Localizable.strings in Resources */ = {isa = PBXBuildFile; fileRef = 80125FE419F8ABFC003047BF /* Localizable.strings */; };
		80B7DC3D19F8A47400BB5218 /* main.m in Sources */ = {isa = PBXBuildFile; fileRef = 80B7DC3C19F8A47400BB5218 /* main.m */; };
		80B7DC4019F8A47400BB5218 /* AppDelegate.m in Sources */ = {isa = PBXBuildFile; fileRef = 80B7DC3F19F8A47400BB5218 /* AppDelegate.m */; };
		80B7DC4319F8A47400BB5218 /* ViewController.m in Sources */ = {isa = PBXBuildFile; fileRef = 80B7DC4219F8A47400BB5218 /* ViewController.m */; };
		80B7DC4619F8A47400BB5218 /* Main.storyboard in Resources */ = {isa = PBXBuildFile; fileRef = 80B7DC4419F8A47400BB5218 /* Main.storyboard */; };
		80B7DC4819F8A47400BB5218 /* Images.xcassets in Resources */ = {isa = PBXBuildFile; fileRef = 80B7DC4719F8A47400BB5218 /* Images.xcassets */; };
		80B7DC4B19F8A47400BB5218 /* LaunchScreen.xib in Resources */ = {isa = PBXBuildFile; fileRef = 80B7DC4919F8A47400BB5218 /* LaunchScreen.xib */; };
		80B7DC5719F8A47400BB5218 /* Day3_2Tests.m in Sources */ = {isa = PBXBuildFile; fileRef = 80B7DC5619F8A47400BB5218 /* Day3_2Tests.m */; };
/* End PBXBuildFile section */

/* Begin PBXContainerItemProxy section */
		80B7DC5119F8A47400BB5218 /* PBXContainerItemProxy */ = {
			isa = PBXContainerItemProxy;
			containerPortal = 80B7DC2F19F8A47400BB5218 /* Project object */;
			proxyType = 1;
			remoteGlobalIDString = 80B7DC3619F8A47400BB5218;
			remoteInfo = Day3_2;
		};
/* End PBXContainerItemProxy section */

/* Begin PBXFileReference section */
		80125FE119F8A9DC003047BF /* en */ = {isa = PBXFileReference; lastKnownFileType = text.plist.strings; name = en; path = en.lproj/File.strings; sourceTree = "<group>"; };
		80125FE319F8AA00003047BF /* Base */ = {isa = PBXFileReference; lastKnownFileType = text.plist.strings; name = Base; path = Base.lproj/File.strings; sourceTree = "<group>"; };
		80125FE419F8ABFC003047BF /* Localizable.strings */ = {isa = PBXFileReference; fileEncoding = 4; lastKnownFileType = text.plist.strings; name = Localizable.strings; path = Day3_2/Localizable.strings; sourceTree = "<group>"; };
		80B7DC3719F8A47400BB5218 /* Day3_2.app */ = {isa = PBXFileReference; explicitFileType = wrapper.application; includeInIndex = 0; path = Day3_2.app; sourceTree = BUILT_PRODUCTS_DIR; };
		80B7DC3B19F8A47400BB5218 /* Info.plist */ = {isa = PBXFileReference; lastKnownFileType = text.plist.xml; path = Info.plist; sourceTree = "<group>"; };
		80B7DC3C19F8A47400BB5218 /* main.m */ = {isa = PBXFileReference; lastKnownFileType = sourcecode.c.objc; path = main.m; sourceTree = "<group>"; };
		80B7DC3E19F8A47400BB5218 /* AppDelegate.h */ = {isa = PBXFileReference; lastKnownFileType = sourcecode.c.h; path = AppDelegate.h; sourceTree = "<group>"; };
		80B7DC3F19F8A47400BB5218 /* AppDelegate.m */ = {isa = PBXFileReference; lastKnownFileType = sourcecode.c.objc; path = AppDelegate.m; sourceTree = "<group>"; };
		80B7DC4119F8A47400BB5218 /* ViewController.h */ = {isa = PBXFileReference; lastKnownFileType = sourcecode.c.h; path = ViewController.h; sourceTree = "<group>"; };
		80B7DC4219F8A47400BB5218 /* ViewController.m */ = {isa = PBXFileReference; lastKnownFileType = sourcecode.c.objc; path = ViewController.m; sourceTree = "<group>"; };
		80B7DC4519F8A47400BB5218 /* Base */ = {isa = PBXFileReference; lastKnownFileType = file.storyboard; name = Base; path = Base.lproj/Main.storyboard; sourceTree = "<group>"; };
		80B7DC4719F8A47400BB5218 /* Images.xcassets */ = {isa = PBXFileReference; lastKnownFileType = folder.assetcatalog; path = Images.xcassets; sourceTree = "<group>"; };
		80B7DC4A19F8A47400BB5218 /* Base */ = {isa = PBXFileReference; lastKnownFileType = file.xib; name = Base; path = Base.lproj/LaunchScreen.xib; sourceTree = "<group>"; };
		80B7DC5019F8A47400BB5218 /* Day3_2Tests.xctest */ = {isa = PBXFileReference; explicitFileType = wrapper.cfbundle; includeInIndex = 0; path = Day3_2Tests.xctest; sourceTree = BUILT_PRODUCTS_DIR; };
		80B7DC5519F8A47400BB5218 /* Info.plist */ = {isa = PBXFileReference; lastKnownFileType = text.plist.xml; path = Info.plist; sourceTree = "<group>"; };
		80B7DC5619F8A47400BB5218 /* Day3_2Tests.m */ = {isa = PBXFileReference; lastKnownFileType = sourcecode.c.objc; path = Day3_2Tests.m; sourceTree = "<group>"; };
/* End PBXFileReference section */

/* Begin PBXFrameworksBuildPhase section */
		80B7DC3419F8A47400BB5218 /* Frameworks */ = {
			isa = PBXFrameworksBuildPhase;
			buildActionMask = 2147483647;
			files = (
			);
			runOnlyForDeploymentPostprocessing = 0;
		};
		80B7DC4D19F8A47400BB5218 /* Frameworks */ = {
			isa = PBXFrameworksBuildPhase;
			buildActionMask = 2147483647;
			files = (
			);
			runOnlyForDeploymentPostprocessing = 0;
		};
/* End PBXFrameworksBuildPhase section */

/* Begin PBXGroup section */
		80B7DC2E19F8A47400BB5218 = {
			isa = PBXGroup;
			children = (
				80125FE419F8ABFC003047BF /* Localizable.strings */,
				80B7DC3919F8A47400BB5218 /* Day3_2 */,
				80B7DC5319F8A47400BB5218 /* Day3_2Tests */,
				80B7DC3819F8A47400BB5218 /* Products */,
			);
			sourceTree = "<group>";
		};
		80B7DC3819F8A47400BB5218 /* Products */ = {
			isa = PBXGroup;
			children = (
				80B7DC3719F8A47400BB5218 /* Day3_2.app */,
				80B7DC5019F8A47400BB5218 /* Day3_2Tests.xctest */,
			);
			name = Products;
			sourceTree = "<group>";
		};
		80B7DC3919F8A47400BB5218 /* Day3_2 */ = {
			isa = PBXGroup;
			children = (
				80125FE219F8A9DC003047BF /* File.strings */,
				80B7DC3E19F8A47400BB5218 /* AppDelegate.h */,
				80B7DC3F19F8A47400BB5218 /* AppDelegate.m */,
				80B7DC4119F8A47400BB5218 /* ViewController.h */,
				80B7DC4219F8A47400BB5218 /* ViewController.m */,
				80B7DC4419F8A47400BB5218 /* Main.storyboard */,
				80B7DC4719F8A47400BB5218 /* Images.xcassets */,
				80B7DC4919F8A47400BB5218 /* LaunchScreen.xib */,
				80B7DC3A19F8A47400BB5218 /* Supporting Files */,
			);
			path = Day3_2;
			sourceTree = "<group>";
		};
		80B7DC3A19F8A47400BB5218 /* Supporting Files */ = {
			isa = PBXGroup;
			children = (
				80B7DC3B19F8A47400BB5218 /* Info.plist */,
				80B7DC3C19F8A47400BB5218 /* main.m */,
			);
			name = "Supporting Files";
			sourceTree = "<group>";
		};
		80B7DC5319F8A47400BB5218 /* Day3_2Tests */ = {
			isa = PBXGroup;
			children = (
				80B7DC5619F8A47400BB5218 /* Day3_2Tests.m */,
				80B7DC5419F8A47400BB5218 /* Supporting Files */,
			);
			path = Day3_2Tests;
			sourceTree = "<group>";
		};
		80B7DC5419F8A47400BB5218 /* Supporting Files */ = {
			isa = PBXGroup;
			children = (
				80B7DC5519F8A47400BB5218 /* Info.plist */,
			);
			name = "Supporting Files";
			sourceTree = "<group>";
		};
/* End PBXGroup section */

/* Begin PBXNativeTarget section */
		80B7DC3619F8A47400BB5218 /* Day3_2 */ = {
			isa = PBXNativeTarget;
			buildConfigurationList = 80B7DC5A19F8A47400BB5218 /* Build configuration list for PBXNativeTarget "Day3_2" */;
			buildPhases = (
				80B7DC3319F8A47400BB5218 /* Sources */,
				80B7DC3419F8A47400BB5218 /* Frameworks */,
				80B7DC3519F8A47400BB5218 /* Resources */,
			);
			buildRules = (
			);
			dependencies = (
			);
			name = Day3_2;
			productName = Day3_2;
			productReference = 80B7DC3719F8A47400BB5218 /* Day3_2.app */;
			productType = "com.apple.product-type.application";
		};
		80B7DC4F19F8A47400BB5218 /* Day3_2Tests */ = {
			isa = PBXNativeTarget;
			buildConfigurationList = 80B7DC5D19F8A47400BB5218 /* Build configuration list for PBXNativeTarget "Day3_2Tests" */;
			buildPhases = (
				80B7DC4C19F8A47400BB5218 /* Sources */,
				80B7DC4D19F8A47400BB5218 /* Frameworks */,
				80B7DC4E19F8A47400BB5218 /* Resources */,
			);
			buildRules = (
			);
			dependencies = (
				80B7DC5219F8A47400BB5218 /* PBXTargetDependency */,
			);
			name = Day3_2Tests;
			productName = Day3_2Tests;
			productReference = 80B7DC5019F8A47400BB5218 /* Day3_2Tests.xctest */;
			productType = "com.apple.product-type.bundle.unit-test";
		};
/* End PBXNativeTarget section */

/* Begin PBXProject section */
		80B7DC2F19F8A47400BB5218 /* Project object */ = {
			isa = PBXProject;
			attributes = {
				LastUpgradeCheck = 0600;
				ORGANIZATIONNAME = KnightO;
				TargetAttributes = {
					80B7DC3619F8A47400BB5218 = {
						CreatedOnToolsVersion = 6.0.1;
					};
					80B7DC4F19F8A47400BB5218 = {
						CreatedOnToolsVersion = 6.0.1;
						TestTargetID = 80B7DC3619F8A47400BB5218;
					};
				};
			};
			buildConfigurationList = 80B7DC3219F8A47400BB5218 /* Build configuration list for PBXProject "Day3_2" */;
			compatibilityVersion = "Xcode 3.2";
			developmentRegion = English;
			hasScannedForEncodings = 0;
			knownRegions = (
				en,
				Base,
			);
			mainGroup = 80B7DC2E19F8A47400BB5218;
			productRefGroup = 80B7DC3819F8A47400BB5218 /* Products */;
			projectDirPath = "";
			projectRoot = "";
			targets = (
				80B7DC3619F8A47400BB5218 /* Day3_2 */,
				80B7DC4F19F8A47400BB5218 /* Day3_2Tests */,
			);
		};
/* End PBXProject section */

/* Begin PBXResourcesBuildPhase section */
		80B7DC3519F8A47400BB5218 /* Resources */ = {
			isa = PBXResourcesBuildPhase;
			buildActionMask = 2147483647;
			files = (
				80125FE519F8ABFC003047BF /* Localizable.strings in Resources */,
				80125FE019F8A9DC003047BF /* File.strings in Resources */,
				80B7DC4619F8A47400BB5218 /* Main.storyboard in Resources */,
				80B7DC4B19F8A47400BB5218 /* LaunchScreen.xib in Resources */,
				80B7DC4819F8A47400BB5218 /* Images.xcassets in Resources */,
			);
			runOnlyForDeploymentPostprocessing = 0;
		};
		80B7DC4E19F8A47400BB5218 /* Resources */ = {
			isa = PBXResourcesBuildPhase;
			buildActionMask = 2147483647;
			files = (
			);
			runOnlyForDeploymentPostprocessing = 0;
		};
/* End PBXResourcesBuildPhase section */

/* Begin PBXSourcesBuildPhase section */
		80B7DC3319F8A47400BB5218 /* Sources */ = {
			isa = PBXSourcesBuildPhase;
			buildActionMask = 2147483647;
			files = (
				80B7DC4319F8A47400BB5218 /* ViewController.m in Sources */,
				80B7DC4019F8A47400BB5218 /* AppDelegate.m in Sources */,
				80B7DC3D19F8A47400BB5218 /* main.m in Sources */,
			);
			runOnlyForDeploymentPostprocessing = 0;
		};
		80B7DC4C19F8A47400BB5218 /* Sources */ = {
			isa = PBXSourcesBuildPhase;
			buildActionMask = 2147483647;
			files = (
				80B7DC5719F8A47400BB5218 /* Day3_2Tests.m in Sources */,
			);
			runOnlyForDeploymentPostprocessing = 0;
		};
/* End PBXSourcesBuildPhase section */

/* Begin PBXTargetDependency section */
		80B7DC5219F8A47400BB5218 /* PBXTargetDependency */ = {
			isa = PBXTargetDependency;
			target = 80B7DC3619F8A47400BB5218 /* Day3_2 */;
			targetProxy = 80B7DC5119F8A47400BB5218 /* PBXContainerItemProxy */;
		};
/* End PBXTargetDependency section */

/* Begin PBXVariantGroup section */
		80125FE219F8A9DC003047BF /* File.strings */ = {
			isa = PBXVariantGroup;
			children = (
				80125FE119F8A9DC003047BF /* en */,
				80125FE319F8AA00003047BF /* Base */,
			);
			name = File.strings;
			path = ..;
			sourceTree = "<group>";
		};
		80B7DC4419F8A47400BB5218 /* Main.storyboard */ = {
			isa = PBXVariantGroup;
			children = (
				80B7DC4519F8A47400BB5218 /* Base */,
			);
			name = Main.storyboard;
			sourceTree = "<group>";
		};
		80B7DC4919F8A47400BB5218 /* LaunchScreen.xib */ = {
			isa = PBXVariantGroup;
			children = (
				80B7DC4A19F8A47400BB5218 /* Base */,
			);
			name = LaunchScreen.xib;
			sourceTree = "<group>";
		};
/* End PBXVariantGroup section */

/* Begin XCBuildConfiguration section */
		80B7DC5819F8A47400BB5218 /* Debug */ = {
			isa = XCBuildConfiguration;
			buildSettings = {
				ALWAYS_SEARCH_USER_PATHS = NO;
				CLANG_CXX_LANGUAGE_STANDARD = "gnu++0x";
				CLANG_CXX_LIBRARY = "libc++";
				CLANG_ENABLE_MODULES = YES;
				CLANG_ENABLE_OBJC_ARC = YES;
				CLANG_WARN_BOOL_CONVERSION = YES;
				CLANG_WARN_CONSTANT_CONVERSION = YES;
				CLANG_WARN_DIRECT_OBJC_ISA_USAGE = YES_ERROR;
				CLANG_WARN_EMPTY_BODY = YES;
				CLANG_WARN_ENUM_CONVERSION = YES;
				CLANG_WARN_INT_CONVERSION = YES;
				CLANG_WARN_OBJC_ROOT_CLASS = YES_ERROR;
				CLANG_WARN_UNREACHABLE_CODE = YES;
				CLANG_WARN__DUPLICATE_METHOD_MATCH = YES;
				"CODE_SIGN_IDENTITY[sdk=iphoneos*]" = "iPhone Developer";
				COPY_PHASE_STRIP = NO;
				ENABLE_STRICT_OBJC_MSGSEND = YES;
				GCC_C_LANGUAGE_STANDARD = gnu99;
				GCC_DYNAMIC_NO_PIC = NO;
				GCC_OPTIMIZATION_LEVEL = 0;
				GCC_PREPROCESSOR_DEFINITIONS = (
					"DEBUG=1",
					"$(inherited)",
				);
				GCC_SYMBOLS_PRIVATE_EXTERN = NO;
				GCC_WARN_64_TO_32_BIT_CONVERSION = YES;
				GCC_WARN_ABOUT_RETURN_TYPE = YES_ERROR;
				GCC_WARN_UNDECLARED_SELECTOR = YES;
				GCC_WARN_UNINITIALIZED_AUTOS = YES_AGGRESSIVE;
				GCC_WARN_UNUSED_FUNCTION = YES;
				GCC_WARN_UNUSED_VARIABLE = YES;
				IPHONEOS_DEPLOYMENT_TARGET = 8.0;
				MTL_ENABLE_DEBUG_INFO = YES;
				ONLY_ACTIVE_ARCH = YES;
				SDKROOT = iphoneos;
				TARGETED_DEVICE_FAMILY = "1,2";
			};
			name = Debug;
		};
		80B7DC5919F8A47400BB5218 /* Release */ = {
			isa = XCBuildConfiguration;
			buildSettings = {
				ALWAYS_SEARCH_USER_PATHS = NO;
				CLANG_CXX_LANGUAGE_STANDARD = "gnu++0x";
				CLANG_CXX_LIBRARY = "libc++";
				CLANG_ENABLE_MODULES = YES;
				CLANG_ENABLE_OBJC_ARC = YES;
				CLANG_WARN_BOOL_CONVERSION = YES;
				CLANG_WARN_CONSTANT_CONVERSION = YES;
				CLANG_WARN_DIRECT_OBJC_ISA_USAGE = YES_ERROR;
				CLANG_WARN_EMPTY_BODY = YES;
				CLANG_WARN_ENUM_CONVERSION = YES;
				CLANG_WARN_INT_CONVERSION = YES;
				CLANG_WARN_OBJC_ROOT_CLASS = YES_ERROR;
				CLANG_WARN_UNREACHABLE_CODE = YES;
				CLANG_WARN__DUPLICATE_METHOD_MATCH = YES;
				"CODE_SIGN_IDENTITY[sdk=iphoneos*]" = "iPhone Developer";
				COPY_PHASE_STRIP = YES;
				ENABLE_NS_ASSERTIONS = NO;
				ENABLE_STRICT_OBJC_MSGSEND = YES;
				GCC_C_LANGUAGE_STANDARD = gnu99;
				GCC_WARN_64_TO_32_BIT_CONVERSION = YES;
				GCC_WARN_ABOUT_RETURN_TYPE = YES_ERROR;
				GCC_WARN_UNDECLARED_SELECTOR = YES;
				GCC_WARN_UNINITIALIZED_AUTOS = YES_AGGRESSIVE;
				GCC_WARN_UNUSED_FUNCTION = YES;
				GCC_WARN_UNUSED_VARIABLE = YES;
				IPHONEOS_DEPLOYMENT_TARGET = 8.0;
				MTL_ENABLE_DEBUG_INFO = NO;
				SDKROOT = iphoneos;
				TARGETED_DEVICE_FAMILY = "1,2";
				VALIDATE_PRODUCT = YES;
			};
			name = Release;
		};
		80B7DC5B19F8A47400BB5218 /* Debug */ = {
			isa = XCBuildConfiguration;
			buildSettings = {
				ASSETCATALOG_COMPILER_APPICON_NAME = AppIcon;
				INFOPLIST_FILE = Day3_2/Info.plist;
				LD_RUNPATH_SEARCH_PATHS = "$(inherited) @executable_path/Frameworks";
				PRODUCT_NAME = "$(TARGET_NAME)";
			};
			name = Debug;
		};
		80B7DC5C19F8A47400BB5218 /* Release */ = {
			isa = XCBuildConfiguration;
			buildSettings = {
				ASSETCATALOG_COMPILER_APPICON_NAME = AppIcon;
				INFOPLIST_FILE = Day3_2/Info.plist;
				LD_RUNPATH_SEARCH_PATHS = "$(inherited) @executable_path/Frameworks";
				PRODUCT_NAME = "$(TARGET_NAME)";
			};
			name = Release;
		};
		80B7DC5E19F8A47400BB5218 /* Debug */ = {
			isa = XCBuildConfiguration;
			buildSettings = {
				BUNDLE_LOADER = "$(TEST_HOST)";
				FRAMEWORK_SEARCH_PATHS = (
					"$(SDKROOT)/Developer/Library/Frameworks",
					"$(inherited)",
				);
				GCC_PREPROCESSOR_DEFINITIONS = (
					"DEBUG=1",
					"$(inherited)",
				);
				INFOPLIST_FILE = Day3_2Tests/Info.plist;
				LD_RUNPATH_SEARCH_PATHS = "$(inherited) @executable_path/Frameworks @loader_path/Frameworks";
				PRODUCT_NAME = "$(TARGET_NAME)";
				TEST_HOST = "$(BUILT_PRODUCTS_DIR)/Day3_2.app/Day3_2";
			};
			name = Debug;
		};
		80B7DC5F19F8A47400BB5218 /* Release */ = {
			isa = XCBuildConfiguration;
			buildSettings = {
				BUNDLE_LOADER = "$(TEST_HOST)";
				FRAMEWORK_SEARCH_PATHS = (
					"$(SDKROOT)/Developer/Library/Frameworks",
					"$(inherited)",
				);
				INFOPLIST_FILE = Day3_2Tests/Info.plist;
				LD_RUNPATH_SEARCH_PATHS = "$(inherited) @executable_path/Frameworks @loader_path/Frameworks";
				PRODUCT_NAME = "$(TARGET_NAME)";
				TEST_HOST = "$(BUILT_PRODUCTS_DIR)/Day3_2.app/Day3_2";
			};
			name = Release;
		};
/* End XCBuildConfiguration section */

/* Begin XCConfigurationList section */
		80B7DC3219F8A47400BB5218 /* Build configuration list for PBXProject "Day3_2" */ = {
			isa = XCConfigurationList;
			buildConfigurations = (
				80B7DC5819F8A47400BB5218 /* Debug */,
				80B7DC5919F8A47400BB5218 /* Release */,
			);
			defaultConfigurationIsVisible = 0;
			defaultConfigurationName = Release;
		};
		80B7DC5A19F8A47400BB5218 /* Build configuration list for PBXNativeTarget "Day3_2" */ = {
			isa = XCConfigurationList;
			buildConfigurations = (
				80B7DC5B19F8A47400BB5218 /* Debug */,
				80B7DC5C19F8A47400BB5218 /* Release */,
			);
			defaultConfigurationIsVisible = 0;
			defaultConfigurationName = Release;
		};
		80B7DC5D19F8A47400BB5218 /* Build configuration list for PBXNativeTarget "Day3_2Tests" */ = {
			isa = XCConfigurationList;
			buildConfigurations = (
				80B7DC5E19F8A47400BB5218 /* Debug */,
				80B7DC5F19F8A47400BB5218 /* Release */,
			);
			defaultConfigurationIsVisible = 0;
			defaultConfigurationName = Release;
		};
/* End XCConfigurationList section */
	};
	rootObject = 80B7DC2F19F8A47400BB5218 /* Project object */;
}
